{
  "name": "elm-ffi-appscript",
  "lockfileVersion": 3,
  "requires": true,
  "packages": {
    "": {
      "devDependencies": {
        "elm-ffi": "github:pravdomil/elm-ffi"
      }
    },
    "node_modules/elm-ffi": {
      "resolved": "git+ssh://git@github.com/pravdomil/elm-ffi.git#552a0a3673c5957bc93356da0bb6fc69cd535696",
      "dev": true,
      "bin": {
        "elm-ffi": "bin/elm-ffi"
      }
    }
  }
}
